{
  "name": "release-isolated-vm",
  "version": "1.0.0",
  "lockfileVersion": 2,
  "requires": true,
  "packages": {
    "": {
      "version": "1.0.0",
      "hasInstallScript": true,
      "dependencies": {
        "isolated-vm": "3.3.10"
      }
    },
    "node_modules/isolated-vm": {
      "version": "3.3.10",
      "resolved": "https://registry.npmjs.org/isolated-vm/-/isolated-vm-3.3.10.tgz",
      "integrity": "sha512-COaInZ05+9lKCeJtsqUTGDdvGRHVWkhZAQr+vExVTSyVWUNoulXJop46zSIPPHSb78uscHVrpzCYhBYSP+wYDQ==",
      "hasInstallScript": true,
      "engines": {
        "node": ">=10.4.0"
      }
    }
  },
  "dependencies": {
    "isolated-vm": {
      "version": "3.3.10",
      "resolved": "https://registry.npmjs.org/isolated-vm/-/isolated-vm-3.3.10.tgz",
      "integrity": "sha512-COaInZ05+9lKCeJtsqUTGDdvGRHVWkhZAQr+vExVTSyVWUNoulXJop46zSIPPHSb78uscHVrpzCYhBYSP+wYDQ=="
    }
  }
}
